PODS:
  - GoogleMaps (2.3.1):
    - GoogleMaps/Maps (= 2.3.1)
  - GoogleMaps/Base (2.3.1)
  - GoogleMaps/Maps (2.3.1):
    - GoogleMaps/Base
  - GooglePlaces (2.3.1):
    - GoogleMaps/Base (= 2.3.1)
  - KYCircularProgress (1.0.1)
  - Pulsator (0.3.0)
  - SwiftyJSON (3.1.4)

DEPENDENCIES:
  - GoogleMaps
  - GooglePlaces
  - KYCircularProgress
  - Pulsator
  - SwiftyJSON

SPEC CHECKSUMS:
  GoogleMaps: c66a71058b9b1294bcdd5463a68e357fa50c079f
  GooglePlaces: 4a7b22debfa1af65017b82943431822607e45201
  KYCircularProgress: b782af0a68dd2032a4a523e722ec8d571c285cf2
  Pulsator: 0191f14f7ab82d6dbde6fdbde42036f07a4450e3
  SwiftyJSON: c2842d878f95482ffceec5709abc3d05680c0220

PODFILE CHECKSUM: 4ec413467a87ab206169944f4be67868b1e0a6f6

COCOAPODS: 1.2.1
